
Microsoft Visual Studio Solution File, Format Version 12.00
# Visual Studio Version 17
VisualStudioVersion = 17.8.34330.188
MinimumVisualStudioVersion = 10.0.40219.1
Project("{9A19103F-16F7-4668-BE54-9A1E7A4F7556}") = "Timecards", "Timecards.csproj", "{402D454B-C018-4B5B-8EB0-995AD1E3892D}"
EndProject
Project("{FAE04EC0-301F-11D3-BF4B-00C04F79EFBC}") = "TimecardsCore", "..\TimecardsCore\TimecardsCore.csproj", "{BC20B34F-933F-4F2C-A9E1-11125B9CD6BE}"
EndProject
Project("{FAE04EC0-301F-11D3-BF4B-00C04F79EFBC}") = "TimecardsData", "..\TimecardsData\TimecardsData.csproj", "{8CF61D53-A77C-4F71-A475-A5B7DCA8C82E}"
EndProject
Project("{FAE04EC0-301F-11D3-BF4B-00C04F79EFBC}") = "TimecardsLogger", "..\TimecardsLogger\TimecardsLogger.csproj", "{D3218FA6-15FA-4B18-837E-569483E255B2}"
EndProject
Project("{FAE04EC0-301F-11D3-BF4B-00C04F79EFBC}") = "TimecardsTesting", "..\TimecardsTesting\TimecardsTesting.csproj", "{7E25312E-B16E-47D6-9E13-CE4314CA61E9}"
EndProject
Project("{FAE04EC0-301F-11D3-BF4B-00C04F79EFBC}") = "TimecardsUI", "..\TimecardsUI\TimecardsUI.csproj", "{93B718FF-C6FB-404C-90A1-9B951C4E7A8D}"
EndProject
Project("{FAE04EC0-301F-11D3-BF4B-00C04F79EFBC}") = "TimecardsIOC", "..\TimecardsIOC\TimecardsIOC.csproj", "{91001D7F-2481-46E6-8228-6313290A287E}"
EndProject
Global
	GlobalSection(SolutionConfigurationPlatforms) = preSolution
		Debug|Any CPU = Debug|Any CPU
		Release|Any CPU = Release|Any CPU
	EndGlobalSection
	GlobalSection(ProjectConfigurationPlatforms) = postSolution
		{402D454B-C018-4B5B-8EB0-995AD1E3892D}.Debug|Any CPU.ActiveCfg = Debug|Any CPU
		{402D454B-C018-4B5B-8EB0-995AD1E3892D}.Debug|Any CPU.Build.0 = Debug|Any CPU
		{402D454B-C018-4B5B-8EB0-995AD1E3892D}.Release|Any CPU.ActiveCfg = Release|Any CPU
		{402D454B-C018-4B5B-8EB0-995AD1E3892D}.Release|Any CPU.Build.0 = Release|Any CPU
		{BC20B34F-933F-4F2C-A9E1-11125B9CD6BE}.Debug|Any CPU.ActiveCfg = Debug|Any CPU
		{BC20B34F-933F-4F2C-A9E1-11125B9CD6BE}.Debug|Any CPU.Build.0 = Debug|Any CPU
		{BC20B34F-933F-4F2C-A9E1-11125B9CD6BE}.Release|Any CPU.ActiveCfg = Release|Any CPU
		{BC20B34F-933F-4F2C-A9E1-11125B9CD6BE}.Release|Any CPU.Build.0 = Release|Any CPU
		{8CF61D53-A77C-4F71-A475-A5B7DCA8C82E}.Debug|Any CPU.ActiveCfg = Debug|Any CPU
		{8CF61D53-A77C-4F71-A475-A5B7DCA8C82E}.Debug|Any CPU.Build.0 = Debug|Any CPU
		{8CF61D53-A77C-4F71-A475-A5B7DCA8C82E}.Release|Any CPU.ActiveCfg = Release|Any CPU
		{8CF61D53-A77C-4F71-A475-A5B7DCA8C82E}.Release|Any CPU.Build.0 = Release|Any CPU
		{D3218FA6-15FA-4B18-837E-569483E255B2}.Debug|Any CPU.ActiveCfg = Debug|Any CPU
		{D3218FA6-15FA-4B18-837E-569483E255B2}.Debug|Any CPU.Build.0 = Debug|Any CPU
		{D3218FA6-15FA-4B18-837E-569483E255B2}.Release|Any CPU.ActiveCfg = Release|Any CPU
		{D3218FA6-15FA-4B18-837E-569483E255B2}.Release|Any CPU.Build.0 = Release|Any CPU
		{7E25312E-B16E-47D6-9E13-CE4314CA61E9}.Debug|Any CPU.ActiveCfg = Debug|Any CPU
		{7E25312E-B16E-47D6-9E13-CE4314CA61E9}.Debug|Any CPU.Build.0 = Debug|Any CPU
		{7E25312E-B16E-47D6-9E13-CE4314CA61E9}.Release|Any CPU.ActiveCfg = Release|Any CPU
		{7E25312E-B16E-47D6-9E13-CE4314CA61E9}.Release|Any CPU.Build.0 = Release|Any CPU
		{93B718FF-C6FB-404C-90A1-9B951C4E7A8D}.Debug|Any CPU.ActiveCfg = Debug|Any CPU
		{93B718FF-C6FB-404C-90A1-9B951C4E7A8D}.Debug|Any CPU.Build.0 = Debug|Any CPU
		{93B718FF-C6FB-404C-90A1-9B951C4E7A8D}.Release|Any CPU.ActiveCfg = Release|Any CPU
		{93B718FF-C6FB-404C-90A1-9B951C4E7A8D}.Release|Any CPU.Build.0 = Release|Any CPU
		{91001D7F-2481-46E6-8228-6313290A287E}.Debug|Any CPU.ActiveCfg = Debug|Any CPU
		{91001D7F-2481-46E6-8228-6313290A287E}.Debug|Any CPU.Build.0 = Debug|Any CPU
		{91001D7F-2481-46E6-8228-6313290A287E}.Release|Any CPU.ActiveCfg = Release|Any CPU
		{91001D7F-2481-46E6-8228-6313290A287E}.Release|Any CPU.Build.0 = Release|Any CPU
	EndGlobalSection
	GlobalSection(SolutionProperties) = preSolution
		HideSolutionNode = FALSE
	EndGlobalSection
	GlobalSection(ExtensibilityGlobals) = postSolution
		SolutionGuid = {0C214722-5B3D-47AB-8EC2-EE8ED7FE52A5}
	EndGlobalSection
EndGlobal
