
Microsoft Visual Studio Solution File, Format Version 12.00
# Visual Studio Version 17
VisualStudioVersion = 17.6.33723.286
MinimumVisualStudioVersion = 10.0.40219.1
Project("{9A19103F-16F7-4668-BE54-9A1E7A4F7556}") = "Timecards", "Timecards\Timecards.csproj", "{057E6791-C862-4E44-9E31-300D6FB6C40C}"
EndProject
Project("{9A19103F-16F7-4668-BE54-9A1E7A4F7556}") = "TimecardsCore", "..\TimecardsCore\TimecardsCore.csproj", "{C1BB1CC8-A678-44FD-8650-B79ECAA3FA3D}"
EndProject
Project("{9A19103F-16F7-4668-BE54-9A1E7A4F7556}") = "TimecardsData", "..\TimecardsData\TimecardsData.csproj", "{D37E6306-D03C-42A1-A765-5F6B0F53A798}"
EndProject
Project("{9A19103F-16F7-4668-BE54-9A1E7A4F7556}") = "TimecardsIOC", "..\TimecardsIOC\TimecardsIOC.csproj", "{A6A4C241-626A-41F0-9BC4-D61037856FB9}"
EndProject
Project("{9A19103F-16F7-4668-BE54-9A1E7A4F7556}") = "TimecardsLogger", "..\TimecardsLogger\TimecardsLogger.csproj", "{48D6D644-0C49-49C3-8B9B-926F29588EB1}"
EndProject
Project("{9A19103F-16F7-4668-BE54-9A1E7A4F7556}") = "TimecardsUI", "..\TimecardsUI\TimecardsUI.csproj", "{2252AEA1-8BB2-4206-9417-824E217DDE92}"
EndProject
Project("{FAE04EC0-301F-11D3-BF4B-00C04F79EFBC}") = "Timecards.Testing", "Timecards.Testing\Timecards.Testing.csproj", "{02EDEC73-50CE-41FB-8EAF-83A607827FCB}"
EndProject
Global
	GlobalSection(SolutionConfigurationPlatforms) = preSolution
		Debug|Any CPU = Debug|Any CPU
		Release|Any CPU = Release|Any CPU
	EndGlobalSection
	GlobalSection(ProjectConfigurationPlatforms) = postSolution
		{057E6791-C862-4E44-9E31-300D6FB6C40C}.Debug|Any CPU.ActiveCfg = Debug|Any CPU
		{057E6791-C862-4E44-9E31-300D6FB6C40C}.Debug|Any CPU.Build.0 = Debug|Any CPU
		{057E6791-C862-4E44-9E31-300D6FB6C40C}.Release|Any CPU.ActiveCfg = Release|Any CPU
		{057E6791-C862-4E44-9E31-300D6FB6C40C}.Release|Any CPU.Build.0 = Release|Any CPU
		{C1BB1CC8-A678-44FD-8650-B79ECAA3FA3D}.Debug|Any CPU.ActiveCfg = Debug|Any CPU
		{C1BB1CC8-A678-44FD-8650-B79ECAA3FA3D}.Debug|Any CPU.Build.0 = Debug|Any CPU
		{C1BB1CC8-A678-44FD-8650-B79ECAA3FA3D}.Release|Any CPU.ActiveCfg = Release|Any CPU
		{C1BB1CC8-A678-44FD-8650-B79ECAA3FA3D}.Release|Any CPU.Build.0 = Release|Any CPU
		{D37E6306-D03C-42A1-A765-5F6B0F53A798}.Debug|Any CPU.ActiveCfg = Debug|Any CPU
		{D37E6306-D03C-42A1-A765-5F6B0F53A798}.Debug|Any CPU.Build.0 = Debug|Any CPU
		{D37E6306-D03C-42A1-A765-5F6B0F53A798}.Release|Any CPU.ActiveCfg = Release|Any CPU
		{D37E6306-D03C-42A1-A765-5F6B0F53A798}.Release|Any CPU.Build.0 = Release|Any CPU
		{A6A4C241-626A-41F0-9BC4-D61037856FB9}.Debug|Any CPU.ActiveCfg = Debug|Any CPU
		{A6A4C241-626A-41F0-9BC4-D61037856FB9}.Debug|Any CPU.Build.0 = Debug|Any CPU
		{A6A4C241-626A-41F0-9BC4-D61037856FB9}.Release|Any CPU.ActiveCfg = Release|Any CPU
		{A6A4C241-626A-41F0-9BC4-D61037856FB9}.Release|Any CPU.Build.0 = Release|Any CPU
		{48D6D644-0C49-49C3-8B9B-926F29588EB1}.Debug|Any CPU.ActiveCfg = Debug|Any CPU
		{48D6D644-0C49-49C3-8B9B-926F29588EB1}.Debug|Any CPU.Build.0 = Debug|Any CPU
		{48D6D644-0C49-49C3-8B9B-926F29588EB1}.Release|Any CPU.ActiveCfg = Release|Any CPU
		{48D6D644-0C49-49C3-8B9B-926F29588EB1}.Release|Any CPU.Build.0 = Release|Any CPU
		{2252AEA1-8BB2-4206-9417-824E217DDE92}.Debug|Any CPU.ActiveCfg = Debug|Any CPU
		{2252AEA1-8BB2-4206-9417-824E217DDE92}.Debug|Any CPU.Build.0 = Debug|Any CPU
		{2252AEA1-8BB2-4206-9417-824E217DDE92}.Release|Any CPU.ActiveCfg = Release|Any CPU
		{2252AEA1-8BB2-4206-9417-824E217DDE92}.Release|Any CPU.Build.0 = Release|Any CPU
		{02EDEC73-50CE-41FB-8EAF-83A607827FCB}.Debug|Any CPU.ActiveCfg = Debug|Any CPU
		{02EDEC73-50CE-41FB-8EAF-83A607827FCB}.Debug|Any CPU.Build.0 = Debug|Any CPU
		{02EDEC73-50CE-41FB-8EAF-83A607827FCB}.Release|Any CPU.ActiveCfg = Release|Any CPU
		{02EDEC73-50CE-41FB-8EAF-83A607827FCB}.Release|Any CPU.Build.0 = Release|Any CPU
	EndGlobalSection
	GlobalSection(SolutionProperties) = preSolution
		HideSolutionNode = FALSE
	EndGlobalSection
	GlobalSection(ExtensibilityGlobals) = postSolution
		SolutionGuid = {4320E786-EBB0-482F-AB2D-7F7E035B03A6}
	EndGlobalSection
EndGlobal
