
Microsoft Visual Studio Solution File, Format Version 12.00
# Visual Studio Version 16
VisualStudioVersion = 16.0.29009.5
MinimumVisualStudioVersion = 10.0.40219.1
Project("{FAE04EC0-301F-11D3-BF4B-00C04F79EFBC}") = "Timecards", "Timecards\Timecards.csproj", "{FC37BF42-DCDE-445D-BBBB-1833A6334E12}"
EndProject
Project("{FAE04EC0-301F-11D3-BF4B-00C04F79EFBC}") = "TimecardsCore", "TimecardsCore\TimecardsCore.csproj", "{778660CB-7FCF-4B0D-B6D9-54DB09A080EC}"
EndProject
Project("{FAE04EC0-301F-11D3-BF4B-00C04F79EFBC}") = "TimecardsData", "TimecardsData\TimecardsData.csproj", "{8301E562-2600-468B-982A-7176BF5E0F23}"
EndProject
Project("{FAE04EC0-301F-11D3-BF4B-00C04F79EFBC}") = "TimecardsTesting", "TimecardsTesting\TimecardsTesting.csproj", "{7A88E5A7-32B1-44E4-B1AF-3B094DC9FBFA}"
EndProject
Project("{FAE04EC0-301F-11D3-BF4B-00C04F79EFBC}") = "TimecardsUI", "TimecardsUI\TimecardsUI.csproj", "{B8D80D32-1C4F-405E-A6DD-FE27CEC1A933}"
EndProject
Project("{FAE04EC0-301F-11D3-BF4B-00C04F79EFBC}") = "TimecardsIOC", "TimecardsIOC\TimecardsIOC.csproj", "{A4DA85EB-7660-4431-9496-4DD55B8AE177}"
EndProject
Project("{FAE04EC0-301F-11D3-BF4B-00C04F79EFBC}") = "TimecardsLogger", "TimecardsLogger\TimecardsLogger.csproj", "{C340120B-C605-44D1-A2D6-320762EFFB81}"
EndProject
Project("{930C7802-8A8C-48F9-8165-68863BCCD9DD}") = "TimecardsInstaller", "TimecardsInstaller\TimecardsInstaller.wixproj", "{BF3248BE-0DBF-46DC-B0D0-A2897D9F5E88}"
EndProject
Global
	GlobalSection(SolutionConfigurationPlatforms) = preSolution
		All|Any CPU = All|Any CPU
		All|x86 = All|x86
		Debug|Any CPU = Debug|Any CPU
		Debug|x86 = Debug|x86
		Release|Any CPU = Release|Any CPU
		Release|x86 = Release|x86
	EndGlobalSection
	GlobalSection(ProjectConfigurationPlatforms) = postSolution
		{FC37BF42-DCDE-445D-BBBB-1833A6334E12}.All|Any CPU.ActiveCfg = Release|Any CPU
		{FC37BF42-DCDE-445D-BBBB-1833A6334E12}.All|Any CPU.Build.0 = Release|Any CPU
		{FC37BF42-DCDE-445D-BBBB-1833A6334E12}.All|x86.ActiveCfg = Release|x86
		{FC37BF42-DCDE-445D-BBBB-1833A6334E12}.All|x86.Build.0 = Release|x86
		{FC37BF42-DCDE-445D-BBBB-1833A6334E12}.Debug|Any CPU.ActiveCfg = Debug|Any CPU
		{FC37BF42-DCDE-445D-BBBB-1833A6334E12}.Debug|Any CPU.Build.0 = Debug|Any CPU
		{FC37BF42-DCDE-445D-BBBB-1833A6334E12}.Debug|x86.ActiveCfg = Debug|x86
		{FC37BF42-DCDE-445D-BBBB-1833A6334E12}.Debug|x86.Build.0 = Debug|x86
		{FC37BF42-DCDE-445D-BBBB-1833A6334E12}.Release|Any CPU.ActiveCfg = Release|Any CPU
		{FC37BF42-DCDE-445D-BBBB-1833A6334E12}.Release|Any CPU.Build.0 = Release|Any CPU
		{FC37BF42-DCDE-445D-BBBB-1833A6334E12}.Release|x86.ActiveCfg = Release|x86
		{FC37BF42-DCDE-445D-BBBB-1833A6334E12}.Release|x86.Build.0 = Release|x86
		{778660CB-7FCF-4B0D-B6D9-54DB09A080EC}.All|Any CPU.ActiveCfg = Release|Any CPU
		{778660CB-7FCF-4B0D-B6D9-54DB09A080EC}.All|Any CPU.Build.0 = Release|Any CPU
		{778660CB-7FCF-4B0D-B6D9-54DB09A080EC}.All|x86.ActiveCfg = Release|x86
		{778660CB-7FCF-4B0D-B6D9-54DB09A080EC}.All|x86.Build.0 = Release|x86
		{778660CB-7FCF-4B0D-B6D9-54DB09A080EC}.Debug|Any CPU.ActiveCfg = Debug|Any CPU
		{778660CB-7FCF-4B0D-B6D9-54DB09A080EC}.Debug|Any CPU.Build.0 = Debug|Any CPU
		{778660CB-7FCF-4B0D-B6D9-54DB09A080EC}.Debug|x86.ActiveCfg = Debug|x86
		{778660CB-7FCF-4B0D-B6D9-54DB09A080EC}.Debug|x86.Build.0 = Debug|x86
		{778660CB-7FCF-4B0D-B6D9-54DB09A080EC}.Release|Any CPU.ActiveCfg = Release|Any CPU
		{778660CB-7FCF-4B0D-B6D9-54DB09A080EC}.Release|Any CPU.Build.0 = Release|Any CPU
		{778660CB-7FCF-4B0D-B6D9-54DB09A080EC}.Release|x86.ActiveCfg = Release|x86
		{778660CB-7FCF-4B0D-B6D9-54DB09A080EC}.Release|x86.Build.0 = Release|x86
		{8301E562-2600-468B-982A-7176BF5E0F23}.All|Any CPU.ActiveCfg = Release|Any CPU
		{8301E562-2600-468B-982A-7176BF5E0F23}.All|Any CPU.Build.0 = Release|Any CPU
		{8301E562-2600-468B-982A-7176BF5E0F23}.All|x86.ActiveCfg = Release|x86
		{8301E562-2600-468B-982A-7176BF5E0F23}.All|x86.Build.0 = Release|x86
		{8301E562-2600-468B-982A-7176BF5E0F23}.Debug|Any CPU.ActiveCfg = Debug|Any CPU
		{8301E562-2600-468B-982A-7176BF5E0F23}.Debug|Any CPU.Build.0 = Debug|Any CPU
		{8301E562-2600-468B-982A-7176BF5E0F23}.Debug|x86.ActiveCfg = Debug|x86
		{8301E562-2600-468B-982A-7176BF5E0F23}.Debug|x86.Build.0 = Debug|x86
		{8301E562-2600-468B-982A-7176BF5E0F23}.Release|Any CPU.ActiveCfg = Release|Any CPU
		{8301E562-2600-468B-982A-7176BF5E0F23}.Release|Any CPU.Build.0 = Release|Any CPU
		{8301E562-2600-468B-982A-7176BF5E0F23}.Release|x86.ActiveCfg = Release|x86
		{8301E562-2600-468B-982A-7176BF5E0F23}.Release|x86.Build.0 = Release|x86
		{7A88E5A7-32B1-44E4-B1AF-3B094DC9FBFA}.All|Any CPU.ActiveCfg = Release|Any CPU
		{7A88E5A7-32B1-44E4-B1AF-3B094DC9FBFA}.All|Any CPU.Build.0 = Release|Any CPU
		{7A88E5A7-32B1-44E4-B1AF-3B094DC9FBFA}.All|x86.ActiveCfg = Release|x86
		{7A88E5A7-32B1-44E4-B1AF-3B094DC9FBFA}.All|x86.Build.0 = Release|x86
		{7A88E5A7-32B1-44E4-B1AF-3B094DC9FBFA}.Debug|Any CPU.ActiveCfg = Debug|Any CPU
		{7A88E5A7-32B1-44E4-B1AF-3B094DC9FBFA}.Debug|Any CPU.Build.0 = Debug|Any CPU
		{7A88E5A7-32B1-44E4-B1AF-3B094DC9FBFA}.Debug|x86.ActiveCfg = Debug|x86
		{7A88E5A7-32B1-44E4-B1AF-3B094DC9FBFA}.Debug|x86.Build.0 = Debug|x86
		{7A88E5A7-32B1-44E4-B1AF-3B094DC9FBFA}.Release|Any CPU.ActiveCfg = Release|Any CPU
		{7A88E5A7-32B1-44E4-B1AF-3B094DC9FBFA}.Release|Any CPU.Build.0 = Release|Any CPU
		{7A88E5A7-32B1-44E4-B1AF-3B094DC9FBFA}.Release|x86.ActiveCfg = Release|x86
		{7A88E5A7-32B1-44E4-B1AF-3B094DC9FBFA}.Release|x86.Build.0 = Release|x86
		{B8D80D32-1C4F-405E-A6DD-FE27CEC1A933}.All|Any CPU.ActiveCfg = Release|Any CPU
		{B8D80D32-1C4F-405E-A6DD-FE27CEC1A933}.All|Any CPU.Build.0 = Release|Any CPU
		{B8D80D32-1C4F-405E-A6DD-FE27CEC1A933}.All|x86.ActiveCfg = Release|x86
		{B8D80D32-1C4F-405E-A6DD-FE27CEC1A933}.All|x86.Build.0 = Release|x86
		{B8D80D32-1C4F-405E-A6DD-FE27CEC1A933}.Debug|Any CPU.ActiveCfg = Debug|Any CPU
		{B8D80D32-1C4F-405E-A6DD-FE27CEC1A933}.Debug|Any CPU.Build.0 = Debug|Any CPU
		{B8D80D32-1C4F-405E-A6DD-FE27CEC1A933}.Debug|x86.ActiveCfg = Debug|x86
		{B8D80D32-1C4F-405E-A6DD-FE27CEC1A933}.Debug|x86.Build.0 = Debug|x86
		{B8D80D32-1C4F-405E-A6DD-FE27CEC1A933}.Release|Any CPU.ActiveCfg = Release|Any CPU
		{B8D80D32-1C4F-405E-A6DD-FE27CEC1A933}.Release|Any CPU.Build.0 = Release|Any CPU
		{B8D80D32-1C4F-405E-A6DD-FE27CEC1A933}.Release|x86.ActiveCfg = Release|x86
		{B8D80D32-1C4F-405E-A6DD-FE27CEC1A933}.Release|x86.Build.0 = Release|x86
		{A4DA85EB-7660-4431-9496-4DD55B8AE177}.All|Any CPU.ActiveCfg = Release|Any CPU
		{A4DA85EB-7660-4431-9496-4DD55B8AE177}.All|Any CPU.Build.0 = Release|Any CPU
		{A4DA85EB-7660-4431-9496-4DD55B8AE177}.All|x86.ActiveCfg = Release|x86
		{A4DA85EB-7660-4431-9496-4DD55B8AE177}.All|x86.Build.0 = Release|x86
		{A4DA85EB-7660-4431-9496-4DD55B8AE177}.Debug|Any CPU.ActiveCfg = Debug|Any CPU
		{A4DA85EB-7660-4431-9496-4DD55B8AE177}.Debug|Any CPU.Build.0 = Debug|Any CPU
		{A4DA85EB-7660-4431-9496-4DD55B8AE177}.Debug|x86.ActiveCfg = Debug|x86
		{A4DA85EB-7660-4431-9496-4DD55B8AE177}.Debug|x86.Build.0 = Debug|x86
		{A4DA85EB-7660-4431-9496-4DD55B8AE177}.Release|Any CPU.ActiveCfg = Release|Any CPU
		{A4DA85EB-7660-4431-9496-4DD55B8AE177}.Release|Any CPU.Build.0 = Release|Any CPU
		{A4DA85EB-7660-4431-9496-4DD55B8AE177}.Release|x86.ActiveCfg = Release|x86
		{A4DA85EB-7660-4431-9496-4DD55B8AE177}.Release|x86.Build.0 = Release|x86
		{C340120B-C605-44D1-A2D6-320762EFFB81}.All|Any CPU.ActiveCfg = Release|Any CPU
		{C340120B-C605-44D1-A2D6-320762EFFB81}.All|Any CPU.Build.0 = Release|Any CPU
		{C340120B-C605-44D1-A2D6-320762EFFB81}.All|x86.ActiveCfg = Release|Any CPU
		{C340120B-C605-44D1-A2D6-320762EFFB81}.All|x86.Build.0 = Release|Any CPU
		{C340120B-C605-44D1-A2D6-320762EFFB81}.Debug|Any CPU.ActiveCfg = Debug|Any CPU
		{C340120B-C605-44D1-A2D6-320762EFFB81}.Debug|Any CPU.Build.0 = Debug|Any CPU
		{C340120B-C605-44D1-A2D6-320762EFFB81}.Debug|x86.ActiveCfg = Debug|Any CPU
		{C340120B-C605-44D1-A2D6-320762EFFB81}.Debug|x86.Build.0 = Debug|Any CPU
		{C340120B-C605-44D1-A2D6-320762EFFB81}.Release|Any CPU.ActiveCfg = Release|Any CPU
		{C340120B-C605-44D1-A2D6-320762EFFB81}.Release|Any CPU.Build.0 = Release|Any CPU
		{C340120B-C605-44D1-A2D6-320762EFFB81}.Release|x86.ActiveCfg = Release|Any CPU
		{C340120B-C605-44D1-A2D6-320762EFFB81}.Release|x86.Build.0 = Release|Any CPU
		{BF3248BE-0DBF-46DC-B0D0-A2897D9F5E88}.All|Any CPU.ActiveCfg = Debug|x86
		{BF3248BE-0DBF-46DC-B0D0-A2897D9F5E88}.All|Any CPU.Build.0 = Debug|x86
		{BF3248BE-0DBF-46DC-B0D0-A2897D9F5E88}.All|x86.ActiveCfg = Debug|x86
		{BF3248BE-0DBF-46DC-B0D0-A2897D9F5E88}.All|x86.Build.0 = Debug|x86
		{BF3248BE-0DBF-46DC-B0D0-A2897D9F5E88}.Debug|Any CPU.ActiveCfg = Debug|x86
		{BF3248BE-0DBF-46DC-B0D0-A2897D9F5E88}.Debug|x86.ActiveCfg = Debug|x86
		{BF3248BE-0DBF-46DC-B0D0-A2897D9F5E88}.Debug|x86.Build.0 = Debug|x86
		{BF3248BE-0DBF-46DC-B0D0-A2897D9F5E88}.Release|Any CPU.ActiveCfg = Release|x86
		{BF3248BE-0DBF-46DC-B0D0-A2897D9F5E88}.Release|x86.ActiveCfg = Release|x86
		{BF3248BE-0DBF-46DC-B0D0-A2897D9F5E88}.Release|x86.Build.0 = Release|x86
	EndGlobalSection
	GlobalSection(SolutionProperties) = preSolution
		HideSolutionNode = FALSE
	EndGlobalSection
	GlobalSection(ExtensibilityGlobals) = postSolution
		SolutionGuid = {77F812F9-19BF-40FF-805F-6DE89C27DACF}
	EndGlobalSection
EndGlobal
